
Microsoft Visual Studio Solution File, Format Version 12.00
# Visual Studio Version 16
VisualStudioVersion = 16.0.30503.244
MinimumVisualStudioVersion = 10.0.40219.1
Project("{FAE04EC0-301F-11D3-BF4B-00C04F79EFBC}") = "statement-analyzer", "statement-analyzer.csproj", "{D1587750-6067-488B-9362-33E98EA187CB}"
EndProject
Global
	GlobalSection(SolutionConfigurationPlatforms) = preSolution
		Debug|Any CPU = Debug|Any CPU
		Release|Any CPU = Release|Any CPU
	EndGlobalSection
	GlobalSection(ProjectConfigurationPlatforms) = postSolution
		{D1587750-6067-488B-9362-33E98EA187CB}.Debug|Any CPU.ActiveCfg = Debug|Any CPU
		{D1587750-6067-488B-9362-33E98EA187CB}.Debug|Any CPU.Build.0 = Debug|Any CPU
		{D1587750-6067-488B-9362-33E98EA187CB}.Release|Any CPU.ActiveCfg = Release|Any CPU
		{D1587750-6067-488B-9362-33E98EA187CB}.Release|Any CPU.Build.0 = Release|Any CPU
	EndGlobalSection
	GlobalSection(SolutionProperties) = preSolution
		HideSolutionNode = FALSE
	EndGlobalSection
	GlobalSection(ExtensibilityGlobals) = postSolution
		SolutionGuid = {98D522E4-D7D8-44BC-86AD-0E34E845D508}
	EndGlobalSection
EndGlobal
